
Microsoft Visual Studio Solution File, Format Version 12.00
# Visual Studio Version 16
VisualStudioVersion = 16.0.31624.102
MinimumVisualStudioVersion = 10.0.40219.1
Project("{FAE04EC0-301F-11D3-BF4B-00C04F79EFBC}") = "Vidly", "Vidly\Vidly.csproj", "{B1674F50-1EB9-47D2-A207-A81E3DDC16F6}"
EndProject
Global
	GlobalSection(SolutionConfigurationPlatforms) = preSolution
		Debug|Any CPU = Debug|Any CPU
		Release|Any CPU = Release|Any CPU
	EndGlobalSection
	GlobalSection(ProjectConfigurationPlatforms) = postSolution
		{B1674F50-1EB9-47D2-A207-A81E3DDC16F6}.Debug|Any CPU.ActiveCfg = Debug|Any CPU
		{B1674F50-1EB9-47D2-A207-A81E3DDC16F6}.Debug|Any CPU.Build.0 = Debug|Any CPU
		{B1674F50-1EB9-47D2-A207-A81E3DDC16F6}.Release|Any CPU.ActiveCfg = Release|Any CPU
		{B1674F50-1EB9-47D2-A207-A81E3DDC16F6}.Release|Any CPU.Build.0 = Release|Any CPU
	EndGlobalSection
	GlobalSection(SolutionProperties) = preSolution
		HideSolutionNode = FALSE
	EndGlobalSection
	GlobalSection(ExtensibilityGlobals) = postSolution
		SolutionGuid = {C750D697-2602-424E-8ACC-15A0BBC6A9B2}
	EndGlobalSection
EndGlobal
